
Microsoft Visual Studio Solution File, Format Version 12.00
# Visual Studio 15
VisualStudioVersion = 15.0.28307.271
MinimumVisualStudioVersion = 10.0.40219.1
Project("{9A19103F-16F7-4668-BE54-9A1E7A4F7556}") = "Case-Alocacao", "Case-Alocacao\Case-Alocacao.csproj", "{96EE1B1F-F714-4A90-AA7B-D5DC23FF060D}"
EndProject
Project("{FAE04EC0-301F-11D3-BF4B-00C04F79EFBC}") = "Case-Alocacao.Test", "Case-Alocacao.Test\Case-Alocacao.Test.csproj", "{D4FE8481-C324-4124-BE20-C1532B342343}"
EndProject
Global
	GlobalSection(SolutionConfigurationPlatforms) = preSolution
		Debug|Any CPU = Debug|Any CPU
		Release|Any CPU = Release|Any CPU
	EndGlobalSection
	GlobalSection(ProjectConfigurationPlatforms) = postSolution
		{96EE1B1F-F714-4A90-AA7B-D5DC23FF060D}.Debug|Any CPU.ActiveCfg = Debug|Any CPU
		{96EE1B1F-F714-4A90-AA7B-D5DC23FF060D}.Debug|Any CPU.Build.0 = Debug|Any CPU
		{96EE1B1F-F714-4A90-AA7B-D5DC23FF060D}.Release|Any CPU.ActiveCfg = Release|Any CPU
		{96EE1B1F-F714-4A90-AA7B-D5DC23FF060D}.Release|Any CPU.Build.0 = Release|Any CPU
		{D4FE8481-C324-4124-BE20-C1532B342343}.Debug|Any CPU.ActiveCfg = Debug|Any CPU
		{D4FE8481-C324-4124-BE20-C1532B342343}.Debug|Any CPU.Build.0 = Debug|Any CPU
		{D4FE8481-C324-4124-BE20-C1532B342343}.Release|Any CPU.ActiveCfg = Release|Any CPU
		{D4FE8481-C324-4124-BE20-C1532B342343}.Release|Any CPU.Build.0 = Release|Any CPU
	EndGlobalSection
	GlobalSection(SolutionProperties) = preSolution
		HideSolutionNode = FALSE
	EndGlobalSection
	GlobalSection(ExtensibilityGlobals) = postSolution
		SolutionGuid = {F0F22D30-E47E-4D57-88E1-62E26F618840}
	EndGlobalSection
EndGlobal
